
Microsoft Visual Studio Solution File, Format Version 12.00
# Visual Studio Version 17
VisualStudioVersion = 17.6.33815.320
MinimumVisualStudioVersion = 10.0.40219.1
Project("{FAE04EC0-301F-11D3-BF4B-00C04F79EFBC}") = "Todos", "Todos.csproj", "{568C6E0E-84DE-44AA-A390-5AFA1223121B}"
EndProject
Global
	GlobalSection(SolutionConfigurationPlatforms) = preSolution
		Debug|Any CPU = Debug|Any CPU
		Release|Any CPU = Release|Any CPU
	EndGlobalSection
	GlobalSection(ProjectConfigurationPlatforms) = postSolution
		{568C6E0E-84DE-44AA-A390-5AFA1223121B}.Debug|Any CPU.ActiveCfg = Debug|Any CPU
		{568C6E0E-84DE-44AA-A390-5AFA1223121B}.Debug|Any CPU.Build.0 = Debug|Any CPU
		{568C6E0E-84DE-44AA-A390-5AFA1223121B}.Release|Any CPU.ActiveCfg = Release|Any CPU
		{568C6E0E-84DE-44AA-A390-5AFA1223121B}.Release|Any CPU.Build.0 = Release|Any CPU
	EndGlobalSection
	GlobalSection(SolutionProperties) = preSolution
		HideSolutionNode = FALSE
	EndGlobalSection
	GlobalSection(ExtensibilityGlobals) = postSolution
		SolutionGuid = {8CD9D884-6CE0-48AD-8ECA-7496290CD7AD}
	EndGlobalSection
EndGlobal
